
Microsoft Visual Studio Solution File, Format Version 12.00
# Visual Studio 2012
Project("{FAE04EC0-301F-11D3-BF4B-00C04F79EFBC}") = "MvcLucene", "MvcLucene\MvcLucene.csproj", "{BD6C982E-295B-44C0-AAA6-F0F6B4F27187}"
EndProject
Project("{FAE04EC0-301F-11D3-BF4B-00C04F79EFBC}") = "LuceneSearch.Data", "LuceneSearch.Data\LuceneSearch.Data.csproj", "{0DD5FFAE-2333-424F-956A-EC310EBDD45A}"
EndProject
Project("{FAE04EC0-301F-11D3-BF4B-00C04F79EFBC}") = "LuceneSearch.Library", "LuceneSearch.Library\LuceneSearch.Library.csproj", "{721F70B8-B550-4828-B4C7-66D341D66B72}"
EndProject
Project("{FAE04EC0-301F-11D3-BF4B-00C04F79EFBC}") = "LuceneSearch.Tests", "LuceneSearch.Tests\LuceneSearch.Tests.csproj", "{3D3BE2FE-0576-41ED-9BEB-84E3D3EBF7F0}"
EndProject
Project("{FAE04EC0-301F-11D3-BF4B-00C04F79EFBC}") = "Analyser", "Analyser\Analyser.csproj", "{420C99CA-4DE4-4802-9129-B26C35786224}"
EndProject
Project("{FAE04EC0-301F-11D3-BF4B-00C04F79EFBC}") = "Segmenter", "Segmenter\Segmenter.csproj", "{7930A2C1-15B4-4EAB-9CD4-4B709A3FD76E}"
EndProject
Project("{2150E333-8FDC-42A3-9474-1A3956D46DE8}") = "Jieba", "Jieba", "{088B6CB0-7B09-4FEC-8318-3FB1EB147DA7}"
EndProject
Global
	GlobalSection(SolutionConfigurationPlatforms) = preSolution
		Debug|Any CPU = Debug|Any CPU
		Release|Any CPU = Release|Any CPU
	EndGlobalSection
	GlobalSection(ProjectConfigurationPlatforms) = postSolution
		{BD6C982E-295B-44C0-AAA6-F0F6B4F27187}.Debug|Any CPU.ActiveCfg = Debug|Any CPU
		{BD6C982E-295B-44C0-AAA6-F0F6B4F27187}.Debug|Any CPU.Build.0 = Debug|Any CPU
		{BD6C982E-295B-44C0-AAA6-F0F6B4F27187}.Release|Any CPU.ActiveCfg = Release|Any CPU
		{BD6C982E-295B-44C0-AAA6-F0F6B4F27187}.Release|Any CPU.Build.0 = Release|Any CPU
		{0DD5FFAE-2333-424F-956A-EC310EBDD45A}.Debug|Any CPU.ActiveCfg = Debug|Any CPU
		{0DD5FFAE-2333-424F-956A-EC310EBDD45A}.Debug|Any CPU.Build.0 = Debug|Any CPU
		{0DD5FFAE-2333-424F-956A-EC310EBDD45A}.Release|Any CPU.ActiveCfg = Release|Any CPU
		{0DD5FFAE-2333-424F-956A-EC310EBDD45A}.Release|Any CPU.Build.0 = Release|Any CPU
		{721F70B8-B550-4828-B4C7-66D341D66B72}.Debug|Any CPU.ActiveCfg = Debug|Any CPU
		{721F70B8-B550-4828-B4C7-66D341D66B72}.Debug|Any CPU.Build.0 = Debug|Any CPU
		{721F70B8-B550-4828-B4C7-66D341D66B72}.Release|Any CPU.ActiveCfg = Release|Any CPU
		{721F70B8-B550-4828-B4C7-66D341D66B72}.Release|Any CPU.Build.0 = Release|Any CPU
		{3D3BE2FE-0576-41ED-9BEB-84E3D3EBF7F0}.Debug|Any CPU.ActiveCfg = Debug|Any CPU
		{3D3BE2FE-0576-41ED-9BEB-84E3D3EBF7F0}.Debug|Any CPU.Build.0 = Debug|Any CPU
		{3D3BE2FE-0576-41ED-9BEB-84E3D3EBF7F0}.Release|Any CPU.ActiveCfg = Release|Any CPU
		{3D3BE2FE-0576-41ED-9BEB-84E3D3EBF7F0}.Release|Any CPU.Build.0 = Release|Any CPU
		{420C99CA-4DE4-4802-9129-B26C35786224}.Debug|Any CPU.ActiveCfg = Debug|Any CPU
		{420C99CA-4DE4-4802-9129-B26C35786224}.Debug|Any CPU.Build.0 = Debug|Any CPU
		{420C99CA-4DE4-4802-9129-B26C35786224}.Release|Any CPU.ActiveCfg = Release|Any CPU
		{420C99CA-4DE4-4802-9129-B26C35786224}.Release|Any CPU.Build.0 = Release|Any CPU
		{7930A2C1-15B4-4EAB-9CD4-4B709A3FD76E}.Debug|Any CPU.ActiveCfg = Debug|Any CPU
		{7930A2C1-15B4-4EAB-9CD4-4B709A3FD76E}.Debug|Any CPU.Build.0 = Debug|Any CPU
		{7930A2C1-15B4-4EAB-9CD4-4B709A3FD76E}.Release|Any CPU.ActiveCfg = Release|Any CPU
		{7930A2C1-15B4-4EAB-9CD4-4B709A3FD76E}.Release|Any CPU.Build.0 = Release|Any CPU
	EndGlobalSection
	GlobalSection(SolutionProperties) = preSolution
		HideSolutionNode = FALSE
	EndGlobalSection
	GlobalSection(NestedProjects) = preSolution
		{7930A2C1-15B4-4EAB-9CD4-4B709A3FD76E} = {088B6CB0-7B09-4FEC-8318-3FB1EB147DA7}
		{420C99CA-4DE4-4802-9129-B26C35786224} = {088B6CB0-7B09-4FEC-8318-3FB1EB147DA7}
	EndGlobalSection
EndGlobal
